PODS:
  - Alamofire (4.3.0)
  - ALLoadingView (1.1.1)
  - SwiftyJSON (3.1.4)

DEPENDENCIES:
  - Alamofire (~> 4.3)
  - ALLoadingView (~> 1.1)
  - SwiftyJSON

SPEC CHECKSUMS:
  Alamofire: 856a113053a7bc9cbe5d6367a555d773fc5cfef7
  ALLoadingView: 1ad4f21ac3733413e612821d2bb333b65c22440e
  SwiftyJSON: c2842d878f95482ffceec5709abc3d05680c0220

PODFILE CHECKSUM: a9d0dbddeb1999a1d3711f6e7434433920ef467f

COCOAPODS: 1.1.1
